
Microsoft Visual Studio Solution File, Format Version 12.00
# Visual Studio Version 17
VisualStudioVersion = 17.2.32526.322
MinimumVisualStudioVersion = 10.0.40219.1
Project("{2150E333-8FDC-42A3-9474-1A3956D46DE8}") = "4 - Camada de Dados", "4 - Camada de Dados", "{950FF0E0-085D-4A75-BE42-545C5D203AC9}"
EndProject
Project("{9A19103F-16F7-4668-BE54-9A1E7A4F7556}") = "Atacado.EF", "Atacado.EF\Atacado.EF.csproj", "{D90BAC55-46D9-449C-BF34-35F540AE11BB}"
EndProject
Project("{2150E333-8FDC-42A3-9474-1A3956D46DE8}") = "3 - Camada de Info", "3 - Camada de Info", "{FD745C77-7609-426F-BC55-BD8B795511A9}"
EndProject
Project("{2150E333-8FDC-42A3-9474-1A3956D46DE8}") = "2 - Camada de Serviço", "2 - Camada de Serviço", "{5A9B57DE-51DA-4F8D-9215-90561A5C6C42}"
EndProject
Project("{2150E333-8FDC-42A3-9474-1A3956D46DE8}") = "1 - Camada de Front", "1 - Camada de Front", "{58EAF457-C6DD-4785-8043-0DED162B2F7E}"
EndProject
Project("{9A19103F-16F7-4668-BE54-9A1E7A4F7556}") = "Atacado.Poco", "Atacado.Poco\Atacado.Poco.csproj", "{3284D570-2B29-41FE-B356-8325F7AE6B76}"
EndProject
Project("{9A19103F-16F7-4668-BE54-9A1E7A4F7556}") = "Atacado.Mapper", "Atacado.Mapper\Atacado.Mapper.csproj", "{442AB9DB-E17D-472E-918C-FAD7EF47E89F}"
EndProject
Project("{9A19103F-16F7-4668-BE54-9A1E7A4F7556}") = "Atacado.Dal", "Atacado.Dal\Atacado.Dal.csproj", "{75817FD3-7E22-4CF7-8F00-94AEAE896873}"
EndProject
Project("{9A19103F-16F7-4668-BE54-9A1E7A4F7556}") = "Atacado.Service", "Atacado.Service\Atacado.Service.csproj", "{BE3DB151-1438-4B06-80D5-5F78DE224154}"
EndProject
Project("{9A19103F-16F7-4668-BE54-9A1E7A4F7556}") = "AtacadoApi", "AtacadoApi\AtacadoApi.csproj", "{78EE712B-E78C-4809-9D22-F7AEC0A0140D}"
EndProject
Project("{FAE04EC0-301F-11D3-BF4B-00C04F79EFBC}") = "Atacado.Repository", "Atacado.Repository\Atacado.Repository.csproj", "{6E287917-F6BF-492B-B5AE-46D3DEE42140}"
EndProject
Global
	GlobalSection(SolutionConfigurationPlatforms) = preSolution
		Debug|Any CPU = Debug|Any CPU
		Release|Any CPU = Release|Any CPU
	EndGlobalSection
	GlobalSection(ProjectConfigurationPlatforms) = postSolution
		{D90BAC55-46D9-449C-BF34-35F540AE11BB}.Debug|Any CPU.ActiveCfg = Debug|Any CPU
		{D90BAC55-46D9-449C-BF34-35F540AE11BB}.Debug|Any CPU.Build.0 = Debug|Any CPU
		{D90BAC55-46D9-449C-BF34-35F540AE11BB}.Release|Any CPU.ActiveCfg = Release|Any CPU
		{D90BAC55-46D9-449C-BF34-35F540AE11BB}.Release|Any CPU.Build.0 = Release|Any CPU
		{3284D570-2B29-41FE-B356-8325F7AE6B76}.Debug|Any CPU.ActiveCfg = Debug|Any CPU
		{3284D570-2B29-41FE-B356-8325F7AE6B76}.Debug|Any CPU.Build.0 = Debug|Any CPU
		{3284D570-2B29-41FE-B356-8325F7AE6B76}.Release|Any CPU.ActiveCfg = Release|Any CPU
		{3284D570-2B29-41FE-B356-8325F7AE6B76}.Release|Any CPU.Build.0 = Release|Any CPU
		{442AB9DB-E17D-472E-918C-FAD7EF47E89F}.Debug|Any CPU.ActiveCfg = Debug|Any CPU
		{442AB9DB-E17D-472E-918C-FAD7EF47E89F}.Debug|Any CPU.Build.0 = Debug|Any CPU
		{442AB9DB-E17D-472E-918C-FAD7EF47E89F}.Release|Any CPU.ActiveCfg = Release|Any CPU
		{442AB9DB-E17D-472E-918C-FAD7EF47E89F}.Release|Any CPU.Build.0 = Release|Any CPU
		{75817FD3-7E22-4CF7-8F00-94AEAE896873}.Debug|Any CPU.ActiveCfg = Debug|Any CPU
		{75817FD3-7E22-4CF7-8F00-94AEAE896873}.Debug|Any CPU.Build.0 = Debug|Any CPU
		{75817FD3-7E22-4CF7-8F00-94AEAE896873}.Release|Any CPU.ActiveCfg = Release|Any CPU
		{75817FD3-7E22-4CF7-8F00-94AEAE896873}.Release|Any CPU.Build.0 = Release|Any CPU
		{BE3DB151-1438-4B06-80D5-5F78DE224154}.Debug|Any CPU.ActiveCfg = Debug|Any CPU
		{BE3DB151-1438-4B06-80D5-5F78DE224154}.Debug|Any CPU.Build.0 = Debug|Any CPU
		{BE3DB151-1438-4B06-80D5-5F78DE224154}.Release|Any CPU.ActiveCfg = Release|Any CPU
		{BE3DB151-1438-4B06-80D5-5F78DE224154}.Release|Any CPU.Build.0 = Release|Any CPU
		{78EE712B-E78C-4809-9D22-F7AEC0A0140D}.Debug|Any CPU.ActiveCfg = Debug|Any CPU
		{78EE712B-E78C-4809-9D22-F7AEC0A0140D}.Debug|Any CPU.Build.0 = Debug|Any CPU
		{78EE712B-E78C-4809-9D22-F7AEC0A0140D}.Release|Any CPU.ActiveCfg = Release|Any CPU
		{78EE712B-E78C-4809-9D22-F7AEC0A0140D}.Release|Any CPU.Build.0 = Release|Any CPU
		{6E287917-F6BF-492B-B5AE-46D3DEE42140}.Debug|Any CPU.ActiveCfg = Debug|Any CPU
		{6E287917-F6BF-492B-B5AE-46D3DEE42140}.Debug|Any CPU.Build.0 = Debug|Any CPU
		{6E287917-F6BF-492B-B5AE-46D3DEE42140}.Release|Any CPU.ActiveCfg = Release|Any CPU
		{6E287917-F6BF-492B-B5AE-46D3DEE42140}.Release|Any CPU.Build.0 = Release|Any CPU
	EndGlobalSection
	GlobalSection(SolutionProperties) = preSolution
		HideSolutionNode = FALSE
	EndGlobalSection
	GlobalSection(NestedProjects) = preSolution
		{D90BAC55-46D9-449C-BF34-35F540AE11BB} = {950FF0E0-085D-4A75-BE42-545C5D203AC9}
		{3284D570-2B29-41FE-B356-8325F7AE6B76} = {FD745C77-7609-426F-BC55-BD8B795511A9}
		{442AB9DB-E17D-472E-918C-FAD7EF47E89F} = {FD745C77-7609-426F-BC55-BD8B795511A9}
		{75817FD3-7E22-4CF7-8F00-94AEAE896873} = {950FF0E0-085D-4A75-BE42-545C5D203AC9}
		{BE3DB151-1438-4B06-80D5-5F78DE224154} = {5A9B57DE-51DA-4F8D-9215-90561A5C6C42}
		{78EE712B-E78C-4809-9D22-F7AEC0A0140D} = {58EAF457-C6DD-4785-8043-0DED162B2F7E}
		{6E287917-F6BF-492B-B5AE-46D3DEE42140} = {950FF0E0-085D-4A75-BE42-545C5D203AC9}
	EndGlobalSection
	GlobalSection(ExtensibilityGlobals) = postSolution
		SolutionGuid = {0FE4DF47-D1ED-4478-BC73-BF7B913495DF}
	EndGlobalSection
EndGlobal
